// !$*UTF8*$!
{
	archiveVersion = 1;
	classes = {
	};
	objectVersion = 46;
	objects = {

/* Begin PBXBuildFile section */
		0AE2B6A7C672BD5D970FC7C4 /* Pods_Oblique_Advice.framework in Frameworks */ = {isa = PBXBuildFile; fileRef = CE9814655D64A633A8FAE617 /* Pods_Oblique_Advice.framework */; };
		AF0EE5C21E771AC20036E3F8 /* AppDelegate.swift in Sources */ = {isa = PBXBuildFile; fileRef = AF0EE5C11E771AC20036E3F8 /* AppDelegate.swift */; };
		AF0EE5C41E771AC20036E3F8 /* ViewController.swift in Sources */ = {isa = PBXBuildFile; fileRef = AF0EE5C31E771AC20036E3F8 /* ViewController.swift */; };
		AF0EE5C71E771AC20036E3F8 /* Main.storyboard in Resources */ = {isa = PBXBuildFile; fileRef = AF0EE5C51E771AC20036E3F8 /* Main.storyboard */; };
		AF0EE5C91E771AC20036E3F8 /* Assets.xcassets in Resources */ = {isa = PBXBuildFile; fileRef = AF0EE5C81E771AC20036E3F8 /* Assets.xcassets */; };
		AF0EE5CC1E771AC20036E3F8 /* LaunchScreen.storyboard in Resources */ = {isa = PBXBuildFile; fileRef = AF0EE5CA1E771AC20036E3F8 /* LaunchScreen.storyboard */; };
		AF0EE5D41E78627B0036E3F8 /* Constants.swift in Sources */ = {isa = PBXBuildFile; fileRef = AF0EE5D31E78627B0036E3F8 /* Constants.swift */; };
		AF0EE5D61E7869550036E3F8 /* GoogleService-Info.plist in Resources */ = {isa = PBXBuildFile; fileRef = AF0EE5D51E7869550036E3F8 /* GoogleService-Info.plist */; };
		AF0EE5D81E7882150036E3F8 /* LoginViewController.swift in Sources */ = {isa = PBXBuildFile; fileRef = AF0EE5D71E7882150036E3F8 /* LoginViewController.swift */; };
		AF3607211E7B1060006FCA72 /* NewSubmissionVC.swift in Sources */ = {isa = PBXBuildFile; fileRef = AF3607201E7B1060006FCA72 /* NewSubmissionVC.swift */; };
/* End PBXBuildFile section */

/* Begin PBXFileReference section */
		28A6752D82ADA950F46FA96F /* Pods-Oblique Advice.release.xcconfig */ = {isa = PBXFileReference; includeInIndex = 1; lastKnownFileType = text.xcconfig; name = "Pods-Oblique Advice.release.xcconfig"; path = "Pods/Target Support Files/Pods-Oblique Advice/Pods-Oblique Advice.release.xcconfig"; sourceTree = "<group>"; };
		7527C39A8CF0D6341800BF49 /* Pods-Oblique Advice.debug.xcconfig */ = {isa = PBXFileReference; includeInIndex = 1; lastKnownFileType = text.xcconfig; name = "Pods-Oblique Advice.debug.xcconfig"; path = "Pods/Target Support Files/Pods-Oblique Advice/Pods-Oblique Advice.debug.xcconfig"; sourceTree = "<group>"; };
		AF0EE5BE1E771AC20036E3F8 /* Oblique Advice.app */ = {isa = PBXFileReference; explicitFileType = wrapper.application; includeInIndex = 0; path = "Oblique Advice.app"; sourceTree = BUILT_PRODUCTS_DIR; };
		AF0EE5C11E771AC20036E3F8 /* AppDelegate.swift */ = {isa = PBXFileReference; lastKnownFileType = sourcecode.swift; path = AppDelegate.swift; sourceTree = "<group>"; };
		AF0EE5C31E771AC20036E3F8 /* ViewController.swift */ = {isa = PBXFileReference; lastKnownFileType = sourcecode.swift; path = ViewController.swift; sourceTree = "<group>"; };
		AF0EE5C61E771AC20036E3F8 /* Base */ = {isa = PBXFileReference; lastKnownFileType = file.storyboard; name = Base; path = Base.lproj/Main.storyboard; sourceTree = "<group>"; };
		AF0EE5C81E771AC20036E3F8 /* Assets.xcassets */ = {isa = PBXFileReference; lastKnownFileType = folder.assetcatalog; path = Assets.xcassets; sourceTree = "<group>"; };
		AF0EE5CB1E771AC20036E3F8 /* Base */ = {isa = PBXFileReference; lastKnownFileType = file.storyboard; name = Base; path = Base.lproj/LaunchScreen.storyboard; sourceTree = "<group>"; };
		AF0EE5CD1E771AC20036E3F8 /* Info.plist */ = {isa = PBXFileReference; lastKnownFileType = text.plist.xml; path = Info.plist; sourceTree = "<group>"; };
		AF0EE5D31E78627B0036E3F8 /* Constants.swift */ = {isa = PBXFileReference; fileEncoding = 4; lastKnownFileType = sourcecode.swift; path = Constants.swift; sourceTree = "<group>"; };
		AF0EE5D51E7869550036E3F8 /* GoogleService-Info.plist */ = {isa = PBXFileReference; fileEncoding = 4; lastKnownFileType = text.plist.xml; path = "GoogleService-Info.plist"; sourceTree = "<group>"; };
		AF0EE5D71E7882150036E3F8 /* LoginViewController.swift */ = {isa = PBXFileReference; fileEncoding = 4; lastKnownFileType = sourcecode.swift; path = LoginViewController.swift; sourceTree = "<group>"; };
		AF3607201E7B1060006FCA72 /* NewSubmissionVC.swift */ = {isa = PBXFileReference; fileEncoding = 4; lastKnownFileType = sourcecode.swift; path = NewSubmissionVC.swift; sourceTree = "<group>"; };
		CE9814655D64A633A8FAE617 /* Pods_Oblique_Advice.framework */ = {isa = PBXFileReference; explicitFileType = wrapper.framework; includeInIndex = 0; path = Pods_Oblique_Advice.framework; sourceTree = BUILT_PRODUCTS_DIR; };
/* End PBXFileReference section */

/* Begin PBXFrameworksBuildPhase section */
		AF0EE5BB1E771AC20036E3F8 /* Frameworks */ = {
			isa = PBXFrameworksBuildPhase;
			buildActionMask = 2147483647;
			files = (
				0AE2B6A7C672BD5D970FC7C4 /* Pods_Oblique_Advice.framework in Frameworks */,
			);
			runOnlyForDeploymentPostprocessing = 0;
		};
/* End PBXFrameworksBuildPhase section */

/* Begin PBXGroup section */
		3DB32F3E02457B4AC063EB2D /* Frameworks */ = {
			isa = PBXGroup;
			children = (
				CE9814655D64A633A8FAE617 /* Pods_Oblique_Advice.framework */,
			);
			name = Frameworks;
			sourceTree = "<group>";
		};
		AF0EE5B51E771AC20036E3F8 = {
			isa = PBXGroup;
			children = (
				AF0EE5C01E771AC20036E3F8 /* Oblique Advice */,
				AF0EE5BF1E771AC20036E3F8 /* Products */,
				F757542A61A34C08879926C6 /* Pods */,
				3DB32F3E02457B4AC063EB2D /* Frameworks */,
			);
			sourceTree = "<group>";
		};
		AF0EE5BF1E771AC20036E3F8 /* Products */ = {
			isa = PBXGroup;
			children = (
				AF0EE5BE1E771AC20036E3F8 /* Oblique Advice.app */,
			);
			name = Products;
			sourceTree = "<group>";
		};
		AF0EE5C01E771AC20036E3F8 /* Oblique Advice */ = {
			isa = PBXGroup;
			children = (
				AF36071F1E7B0FB6006FCA72 /* Controller */,
				AF0EE5C11E771AC20036E3F8 /* AppDelegate.swift */,
				AF0EE5C51E771AC20036E3F8 /* Main.storyboard */,
				AF0EE5D31E78627B0036E3F8 /* Constants.swift */,
				AF0EE5C81E771AC20036E3F8 /* Assets.xcassets */,
				AF0EE5CA1E771AC20036E3F8 /* LaunchScreen.storyboard */,
				AF0EE5CD1E771AC20036E3F8 /* Info.plist */,
				AF0EE5D51E7869550036E3F8 /* GoogleService-Info.plist */,
			);
			path = "Oblique Advice";
			sourceTree = "<group>";
		};
		AF36071F1E7B0FB6006FCA72 /* Controller */ = {
			isa = PBXGroup;
			children = (
				AF0EE5C31E771AC20036E3F8 /* ViewController.swift */,
				AF0EE5D71E7882150036E3F8 /* LoginViewController.swift */,
				AF3607201E7B1060006FCA72 /* NewSubmissionVC.swift */,
			);
			name = Controller;
			sourceTree = "<group>";
		};
		F757542A61A34C08879926C6 /* Pods */ = {
			isa = PBXGroup;
			children = (
				7527C39A8CF0D6341800BF49 /* Pods-Oblique Advice.debug.xcconfig */,
				28A6752D82ADA950F46FA96F /* Pods-Oblique Advice.release.xcconfig */,
			);
			name = Pods;
			sourceTree = "<group>";
		};
/* End PBXGroup section */

/* Begin PBXNativeTarget section */
		AF0EE5BD1E771AC20036E3F8 /* Oblique Advice */ = {
			isa = PBXNativeTarget;
			buildConfigurationList = AF0EE5D01E771AC20036E3F8 /* Build configuration list for PBXNativeTarget "Oblique Advice" */;
			buildPhases = (
				BADFFDD013A3D3C04755A044 /* [CP] Check Pods Manifest.lock */,
				AF0EE5BA1E771AC20036E3F8 /* Sources */,
				AF0EE5BB1E771AC20036E3F8 /* Frameworks */,
				AF0EE5BC1E771AC20036E3F8 /* Resources */,
				FFE32B271B8DC89E21338AFD /* [CP] Embed Pods Frameworks */,
				D8CD84B110C9644645E6D9AD /* [CP] Copy Pods Resources */,
			);
			buildRules = (
			);
			dependencies = (
			);
			name = "Oblique Advice";
			productName = "Oblique Advice";
			productReference = AF0EE5BE1E771AC20036E3F8 /* Oblique Advice.app */;
			productType = "com.apple.product-type.application";
		};
/* End PBXNativeTarget section */

/* Begin PBXProject section */
		AF0EE5B61E771AC20036E3F8 /* Project object */ = {
			isa = PBXProject;
			attributes = {
				LastSwiftUpdateCheck = 0820;
				LastUpgradeCheck = 0820;
				ORGANIZATIONNAME = "Luke Morse";
				TargetAttributes = {
					AF0EE5BD1E771AC20036E3F8 = {
						CreatedOnToolsVersion = 8.2.1;
						DevelopmentTeam = 4Z8CKPY35P;
						ProvisioningStyle = Automatic;
					};
				};
			};
			buildConfigurationList = AF0EE5B91E771AC20036E3F8 /* Build configuration list for PBXProject "Oblique Advice" */;
			compatibilityVersion = "Xcode 3.2";
			developmentRegion = English;
			hasScannedForEncodings = 0;
			knownRegions = (
				en,
				Base,
			);
			mainGroup = AF0EE5B51E771AC20036E3F8;
			productRefGroup = AF0EE5BF1E771AC20036E3F8 /* Products */;
			projectDirPath = "";
			projectRoot = "";
			targets = (
				AF0EE5BD1E771AC20036E3F8 /* Oblique Advice */,
			);
		};
/* End PBXProject section */

/* Begin PBXResourcesBuildPhase section */
		AF0EE5BC1E771AC20036E3F8 /* Resources */ = {
			isa = PBXResourcesBuildPhase;
			buildActionMask = 2147483647;
			files = (
				AF0EE5CC1E771AC20036E3F8 /* LaunchScreen.storyboard in Resources */,
				AF0EE5D61E7869550036E3F8 /* GoogleService-Info.plist in Resources */,
				AF0EE5C91E771AC20036E3F8 /* Assets.xcassets in Resources */,
				AF0EE5C71E771AC20036E3F8 /* Main.storyboard in Resources */,
			);
			runOnlyForDeploymentPostprocessing = 0;
		};
/* End PBXResourcesBuildPhase section */

/* Begin PBXShellScriptBuildPhase section */
		BADFFDD013A3D3C04755A044 /* [CP] Check Pods Manifest.lock */ = {
			isa = PBXShellScriptBuildPhase;
			buildActionMask = 2147483647;
			files = (
			);
			inputPaths = (
			);
			name = "[CP] Check Pods Manifest.lock";
			outputPaths = (
			);
			runOnlyForDeploymentPostprocessing = 0;
			shellPath = /bin/sh;
			shellScript = "diff \"${PODS_ROOT}/../Podfile.lock\" \"${PODS_ROOT}/Manifest.lock\" > /dev/null\nif [ $? != 0 ] ; then\n    # print error to STDERR\n    echo \"error: The sandbox is not in sync with the Podfile.lock. Run 'pod install' or update your CocoaPods installation.\" >&2\n    exit 1\nfi\n";
			showEnvVarsInLog = 0;
		};
		D8CD84B110C9644645E6D9AD /* [CP] Copy Pods Resources */ = {
			isa = PBXShellScriptBuildPhase;
			buildActionMask = 2147483647;
			files = (
			);
			inputPaths = (
			);
			name = "[CP] Copy Pods Resources";
			outputPaths = (
			);
			runOnlyForDeploymentPostprocessing = 0;
			shellPath = /bin/sh;
			shellScript = "\"${SRCROOT}/Pods/Target Support Files/Pods-Oblique Advice/Pods-Oblique Advice-resources.sh\"\n";
			showEnvVarsInLog = 0;
		};
		FFE32B271B8DC89E21338AFD /* [CP] Embed Pods Frameworks */ = {
			isa = PBXShellScriptBuildPhase;
			buildActionMask = 2147483647;
			files = (
			);
			inputPaths = (
			);
			name = "[CP] Embed Pods Frameworks";
			outputPaths = (
			);
			runOnlyForDeploymentPostprocessing = 0;
			shellPath = /bin/sh;
			shellScript = "\"${SRCROOT}/Pods/Target Support Files/Pods-Oblique Advice/Pods-Oblique Advice-frameworks.sh\"\n";
			showEnvVarsInLog = 0;
		};
/* End PBXShellScriptBuildPhase section */

/* Begin PBXSourcesBuildPhase section */
		AF0EE5BA1E771AC20036E3F8 /* Sources */ = {
			isa = PBXSourcesBuildPhase;
			buildActionMask = 2147483647;
			files = (
				AF0EE5D81E7882150036E3F8 /* LoginViewController.swift in Sources */,
				AF0EE5C41E771AC20036E3F8 /* ViewController.swift in Sources */,
				AF3607211E7B1060006FCA72 /* NewSubmissionVC.swift in Sources */,
				AF0EE5C21E771AC20036E3F8 /* AppDelegate.swift in Sources */,
				AF0EE5D41E78627B0036E3F8 /* Constants.swift in Sources */,
			);
			runOnlyForDeploymentPostprocessing = 0;
		};
/* End PBXSourcesBuildPhase section */

/* Begin PBXVariantGroup section */
		AF0EE5C51E771AC20036E3F8 /* Main.storyboard */ = {
			isa = PBXVariantGroup;
			children = (
				AF0EE5C61E771AC20036E3F8 /* Base */,
			);
			name = Main.storyboard;
			sourceTree = "<group>";
		};
		AF0EE5CA1E771AC20036E3F8 /* LaunchScreen.storyboard */ = {
			isa = PBXVariantGroup;
			children = (
				AF0EE5CB1E771AC20036E3F8 /* Base */,
			);
			name = LaunchScreen.storyboard;
			sourceTree = "<group>";
		};
/* End PBXVariantGroup section */

/* Begin XCBuildConfiguration section */
		AF0EE5CE1E771AC20036E3F8 /* Debug */ = {
			isa = XCBuildConfiguration;
			buildSettings = {
				ALWAYS_SEARCH_USER_PATHS = NO;
				CLANG_ANALYZER_NONNULL = YES;
				CLANG_CXX_LANGUAGE_STANDARD = "gnu++0x";
				CLANG_CXX_LIBRARY = "libc++";
				CLANG_ENABLE_MODULES = YES;
				CLANG_ENABLE_OBJC_ARC = YES;
				CLANG_WARN_BOOL_CONVERSION = YES;
				CLANG_WARN_CONSTANT_CONVERSION = YES;
				CLANG_WARN_DIRECT_OBJC_ISA_USAGE = YES_ERROR;
				CLANG_WARN_DOCUMENTATION_COMMENTS = YES;
				CLANG_WARN_EMPTY_BODY = YES;
				CLANG_WARN_ENUM_CONVERSION = YES;
				CLANG_WARN_INFINITE_RECURSION = YES;
				CLANG_WARN_INT_CONVERSION = YES;
				CLANG_WARN_OBJC_ROOT_CLASS = YES_ERROR;
				CLANG_WARN_SUSPICIOUS_MOVE = YES;
				CLANG_WARN_UNREACHABLE_CODE = YES;
				CLANG_WARN__DUPLICATE_METHOD_MATCH = YES;
				"CODE_SIGN_IDENTITY[sdk=iphoneos*]" = "iPhone Developer";
				COPY_PHASE_STRIP = NO;
				DEBUG_INFORMATION_FORMAT = dwarf;
				ENABLE_STRICT_OBJC_MSGSEND = YES;
				ENABLE_TESTABILITY = YES;
				GCC_C_LANGUAGE_STANDARD = gnu99;
				GCC_DYNAMIC_NO_PIC = NO;
				GCC_NO_COMMON_BLOCKS = YES;
				GCC_OPTIMIZATION_LEVEL = 0;
				GCC_PREPROCESSOR_DEFINITIONS = (
					"DEBUG=1",
					"$(inherited)",
				);
				GCC_WARN_64_TO_32_BIT_CONVERSION = YES;
				GCC_WARN_ABOUT_RETURN_TYPE = YES_ERROR;
				GCC_WARN_UNDECLARED_SELECTOR = YES;
				GCC_WARN_UNINITIALIZED_AUTOS = YES_AGGRESSIVE;
				GCC_WARN_UNUSED_FUNCTION = YES;
				GCC_WARN_UNUSED_VARIABLE = YES;
				IPHONEOS_DEPLOYMENT_TARGET = 10.2;
				MTL_ENABLE_DEBUG_INFO = YES;
				ONLY_ACTIVE_ARCH = YES;
				SDKROOT = iphoneos;
				SWIFT_ACTIVE_COMPILATION_CONDITIONS = DEBUG;
				SWIFT_OPTIMIZATION_LEVEL = "-Onone";
				TARGETED_DEVICE_FAMILY = "1,2";
			};
			name = Debug;
		};
		AF0EE5CF1E771AC20036E3F8 /* Release */ = {
			isa = XCBuildConfiguration;
			buildSettings = {
				ALWAYS_SEARCH_USER_PATHS = NO;
				CLANG_ANALYZER_NONNULL = YES;
				CLANG_CXX_LANGUAGE_STANDARD = "gnu++0x";
				CLANG_CXX_LIBRARY = "libc++";
				CLANG_ENABLE_MODULES = YES;
				CLANG_ENABLE_OBJC_ARC = YES;
				CLANG_WARN_BOOL_CONVERSION = YES;
				CLANG_WARN_CONSTANT_CONVERSION = YES;
				CLANG_WARN_DIRECT_OBJC_ISA_USAGE = YES_ERROR;
				CLANG_WARN_DOCUMENTATION_COMMENTS = YES;
				CLANG_WARN_EMPTY_BODY = YES;
				CLANG_WARN_ENUM_CONVERSION = YES;
				CLANG_WARN_INFINITE_RECURSION = YES;
				CLANG_WARN_INT_CONVERSION = YES;
				CLANG_WARN_OBJC_ROOT_CLASS = YES_ERROR;
				CLANG_WARN_SUSPICIOUS_MOVE = YES;
				CLANG_WARN_UNREACHABLE_CODE = YES;
				CLANG_WARN__DUPLICATE_METHOD_MATCH = YES;
				"CODE_SIGN_IDENTITY[sdk=iphoneos*]" = "iPhone Developer";
				COPY_PHASE_STRIP = NO;
				DEBUG_INFORMATION_FORMAT = "dwarf-with-dsym";
				ENABLE_NS_ASSERTIONS = NO;
				ENABLE_STRICT_OBJC_MSGSEND = YES;
				GCC_C_LANGUAGE_STANDARD = gnu99;
				GCC_NO_COMMON_BLOCKS = YES;
				GCC_WARN_64_TO_32_BIT_CONVERSION = YES;
				GCC_WARN_ABOUT_RETURN_TYPE = YES_ERROR;
				GCC_WARN_UNDECLARED_SELECTOR = YES;
				GCC_WARN_UNINITIALIZED_AUTOS = YES_AGGRESSIVE;
				GCC_WARN_UNUSED_FUNCTION = YES;
				GCC_WARN_UNUSED_VARIABLE = YES;
				IPHONEOS_DEPLOYMENT_TARGET = 10.2;
				MTL_ENABLE_DEBUG_INFO = NO;
				SDKROOT = iphoneos;
				SWIFT_OPTIMIZATION_LEVEL = "-Owholemodule";
				TARGETED_DEVICE_FAMILY = "1,2";
				VALIDATE_PRODUCT = YES;
			};
			name = Release;
		};
		AF0EE5D11E771AC20036E3F8 /* Debug */ = {
			isa = XCBuildConfiguration;
			baseConfigurationReference = 7527C39A8CF0D6341800BF49 /* Pods-Oblique Advice.debug.xcconfig */;
			buildSettings = {
				ASSETCATALOG_COMPILER_APPICON_NAME = AppIcon;
				DEVELOPMENT_TEAM = 4Z8CKPY35P;
				INFOPLIST_FILE = "Oblique Advice/Info.plist";
				LD_RUNPATH_SEARCH_PATHS = "$(inherited) @executable_path/Frameworks";
				PRODUCT_BUNDLE_IDENTIFIER = "com.Lukemorse.Oblique-Advice";
				PRODUCT_NAME = "$(TARGET_NAME)";
				SWIFT_VERSION = 3.0;
			};
			name = Debug;
		};
		AF0EE5D21E771AC20036E3F8 /* Release */ = {
			isa = XCBuildConfiguration;
			baseConfigurationReference = 28A6752D82ADA950F46FA96F /* Pods-Oblique Advice.release.xcconfig */;
			buildSettings = {
				ASSETCATALOG_COMPILER_APPICON_NAME = AppIcon;
				DEVELOPMENT_TEAM = 4Z8CKPY35P;
				INFOPLIST_FILE = "Oblique Advice/Info.plist";
				LD_RUNPATH_SEARCH_PATHS = "$(inherited) @executable_path/Frameworks";
				PRODUCT_BUNDLE_IDENTIFIER = "com.Lukemorse.Oblique-Advice";
				PRODUCT_NAME = "$(TARGET_NAME)";
				SWIFT_VERSION = 3.0;
			};
			name = Release;
		};
/* End XCBuildConfiguration section */

/* Begin XCConfigurationList section */
		AF0EE5B91E771AC20036E3F8 /* Build configuration list for PBXProject "Oblique Advice" */ = {
			isa = XCConfigurationList;
			buildConfigurations = (
				AF0EE5CE1E771AC20036E3F8 /* Debug */,
				AF0EE5CF1E771AC20036E3F8 /* Release */,
			);
			defaultConfigurationIsVisible = 0;
			defaultConfigurationName = Release;
		};
		AF0EE5D01E771AC20036E3F8 /* Build configuration list for PBXNativeTarget "Oblique Advice" */ = {
			isa = XCConfigurationList;
			buildConfigurations = (
				AF0EE5D11E771AC20036E3F8 /* Debug */,
				AF0EE5D21E771AC20036E3F8 /* Release */,
			);
			defaultConfigurationIsVisible = 0;
			defaultConfigurationName = Release;
		};
/* End XCConfigurationList section */
	};
	rootObject = AF0EE5B61E771AC20036E3F8 /* Project object */;
}
